
Microsoft Visual Studio Solution File, Format Version 12.00
# Visual Studio Version 16
VisualStudioVersion = 16.0.30320.27
MinimumVisualStudioVersion = 10.0.40219.1
Project("{FAE04EC0-301F-11D3-BF4B-00C04F79EFBC}") = "IT8512A Power Test", "IT8512A Power Test.csproj", "{A03772B1-166A-43EE-9280-E7C9873A9018}"
EndProject
Global
	GlobalSection(SolutionConfigurationPlatforms) = preSolution
		Debug|Any CPU = Debug|Any CPU
		Release|Any CPU = Release|Any CPU
	EndGlobalSection
	GlobalSection(ProjectConfigurationPlatforms) = postSolution
		{A03772B1-166A-43EE-9280-E7C9873A9018}.Debug|Any CPU.ActiveCfg = Debug|Any CPU
		{A03772B1-166A-43EE-9280-E7C9873A9018}.Debug|Any CPU.Build.0 = Debug|Any CPU
		{A03772B1-166A-43EE-9280-E7C9873A9018}.Release|Any CPU.ActiveCfg = Release|Any CPU
		{A03772B1-166A-43EE-9280-E7C9873A9018}.Release|Any CPU.Build.0 = Release|Any CPU
	EndGlobalSection
	GlobalSection(SolutionProperties) = preSolution
		HideSolutionNode = FALSE
	EndGlobalSection
	GlobalSection(ExtensibilityGlobals) = postSolution
		SolutionGuid = {142E1C24-DC8F-4459-97FC-A6842B0DF73D}
	EndGlobalSection
EndGlobal
